github.com/tinywasm/dom v0.0.9 h1:XAYx260ykGYuH5+M6WQqq1avQCSa7kY7xs2HEi6VS8U=
github.com/tinywasm/dom v0.0.9/go.mod h1:PqfNyfr5+lDggNS69OXrVDDK8aR57trsIb6bZQ0Q+AM=
github.com/tinywasm/fmt v0.16.2 h1:BunQnqQvca5K5o3cLjvNoQXmQMSHT1uhr2jWSgi8qEo=
github.com/tinywasm/fmt v0.16.2/go.mod h1:L2GCAi6asgytPV6TVvGrRq5Ml+DkUt1Ijo5i/2J1jOY=
